
Microsoft Visual Studio Solution File, Format Version 12.00
# Visual Studio Version 17
VisualStudioVersion = 17.8.34511.84
MinimumVisualStudioVersion = 10.0.40219.1
Project("{FAE04EC0-301F-11D3-BF4B-00C04F79EFBC}") = "AutoMarket", "AutoMarket\AutoMarket.csproj", "{57F2A91E-C5CE-4A0B-AC56-4FF1C976E484}"
EndProject
Project("{FAE04EC0-301F-11D3-BF4B-00C04F79EFBC}") = "AutoMarket.core", "AutoMarket.core\AutoMarket.core.csproj", "{7881B569-E5F1-4908-B4CF-4252680883E8}"
EndProject
Project("{FAE04EC0-301F-11D3-BF4B-00C04F79EFBC}") = "AutoMarket.Infrastructure", "AutoMarket.Infrastructure\AutoMarket.Infrastructure.csproj", "{94FFF437-6FC0-46E7-9459-19F0E1F744CF}"
EndProject
Global
	GlobalSection(SolutionConfigurationPlatforms) = preSolution
		Debug|Any CPU = Debug|Any CPU
		Release|Any CPU = Release|Any CPU
	EndGlobalSection
	GlobalSection(ProjectConfigurationPlatforms) = postSolution
		{57F2A91E-C5CE-4A0B-AC56-4FF1C976E484}.Debug|Any CPU.ActiveCfg = Debug|Any CPU
		{57F2A91E-C5CE-4A0B-AC56-4FF1C976E484}.Debug|Any CPU.Build.0 = Debug|Any CPU
		{57F2A91E-C5CE-4A0B-AC56-4FF1C976E484}.Release|Any CPU.ActiveCfg = Release|Any CPU
		{57F2A91E-C5CE-4A0B-AC56-4FF1C976E484}.Release|Any CPU.Build.0 = Release|Any CPU
		{7881B569-E5F1-4908-B4CF-4252680883E8}.Debug|Any CPU.ActiveCfg = Debug|Any CPU
		{7881B569-E5F1-4908-B4CF-4252680883E8}.Debug|Any CPU.Build.0 = Debug|Any CPU
		{7881B569-E5F1-4908-B4CF-4252680883E8}.Release|Any CPU.ActiveCfg = Release|Any CPU
		{7881B569-E5F1-4908-B4CF-4252680883E8}.Release|Any CPU.Build.0 = Release|Any CPU
		{94FFF437-6FC0-46E7-9459-19F0E1F744CF}.Debug|Any CPU.ActiveCfg = Debug|Any CPU
		{94FFF437-6FC0-46E7-9459-19F0E1F744CF}.Debug|Any CPU.Build.0 = Debug|Any CPU
		{94FFF437-6FC0-46E7-9459-19F0E1F744CF}.Release|Any CPU.ActiveCfg = Release|Any CPU
		{94FFF437-6FC0-46E7-9459-19F0E1F744CF}.Release|Any CPU.Build.0 = Release|Any CPU
	EndGlobalSection
	GlobalSection(SolutionProperties) = preSolution
		HideSolutionNode = FALSE
	EndGlobalSection
	GlobalSection(ExtensibilityGlobals) = postSolution
		SolutionGuid = {6A3B7825-EB96-4E4A-8393-A7F59BB00C31}
	EndGlobalSection
EndGlobal
